
Microsoft Visual Studio Solution File, Format Version 12.00
# Visual Studio Version 17
VisualStudioVersion = 17.11.35327.3
MinimumVisualStudioVersion = 10.0.40219.1
Project("{FAE04EC0-301F-11D3-BF4B-00C04F79EFBC}") = "DNC_DemoMVCWebAppWithData", "DNC_DemoMVCWebAppWithData\DNC_DemoMVCWebAppWithData.csproj", "{D71FBD65-ED56-4689-A7BB-4C15EDD4C54A}"
EndProject
Global
	GlobalSection(SolutionConfigurationPlatforms) = preSolution
		Debug|Any CPU = Debug|Any CPU
		Release|Any CPU = Release|Any CPU
	EndGlobalSection
	GlobalSection(ProjectConfigurationPlatforms) = postSolution
		{D71FBD65-ED56-4689-A7BB-4C15EDD4C54A}.Debug|Any CPU.ActiveCfg = Debug|Any CPU
		{D71FBD65-ED56-4689-A7BB-4C15EDD4C54A}.Debug|Any CPU.Build.0 = Debug|Any CPU
		{D71FBD65-ED56-4689-A7BB-4C15EDD4C54A}.Release|Any CPU.ActiveCfg = Release|Any CPU
		{D71FBD65-ED56-4689-A7BB-4C15EDD4C54A}.Release|Any CPU.Build.0 = Release|Any CPU
	EndGlobalSection
	GlobalSection(SolutionProperties) = preSolution
		HideSolutionNode = FALSE
	EndGlobalSection
	GlobalSection(ExtensibilityGlobals) = postSolution
		SolutionGuid = {D7BE55F9-8A87-4872-B87A-D8C07DC05B1D}
	EndGlobalSection
EndGlobal
